
Microsoft Visual Studio Solution File, Format Version 12.00
# Visual Studio 15
Project("{FAE04EC0-301F-11D3-BF4B-00C04F79EFBC}") = "Assembly-CSharp", "Assembly-CSharp.csproj", "{B6088B12-EE77-D964-4573-81081FDBFB8C}"
EndProject
Project("{FAE04EC0-301F-11D3-BF4B-00C04F79EFBC}") = "Assembly-CSharp-firstpass", "Assembly-CSharp-firstpass.csproj", "{D90487F5-599B-EBEF-3738-E7EC6A9FA096}"
EndProject
Global
	GlobalSection(SolutionConfigurationPlatforms) = preSolution
		Debug|Any CPU = Debug|Any CPU
		Release|Any CPU = Release|Any CPU
	EndGlobalSection
	GlobalSection(ProjectConfigurationPlatforms) = postSolution
		{B6088B12-EE77-D964-4573-81081FDBFB8C}.Debug|Any CPU.ActiveCfg = Debug|Any CPU
		{B6088B12-EE77-D964-4573-81081FDBFB8C}.Debug|Any CPU.Build.0 = Debug|Any CPU
		{B6088B12-EE77-D964-4573-81081FDBFB8C}.Release|Any CPU.ActiveCfg = Release|Any CPU
		{B6088B12-EE77-D964-4573-81081FDBFB8C}.Release|Any CPU.Build.0 = Release|Any CPU
		{D90487F5-599B-EBEF-3738-E7EC6A9FA096}.Debug|Any CPU.ActiveCfg = Debug|Any CPU
		{D90487F5-599B-EBEF-3738-E7EC6A9FA096}.Debug|Any CPU.Build.0 = Debug|Any CPU
		{D90487F5-599B-EBEF-3738-E7EC6A9FA096}.Release|Any CPU.ActiveCfg = Release|Any CPU
		{D90487F5-599B-EBEF-3738-E7EC6A9FA096}.Release|Any CPU.Build.0 = Release|Any CPU
	EndGlobalSection
	GlobalSection(SolutionProperties) = preSolution
		HideSolutionNode = FALSE
	EndGlobalSection
EndGlobal
